
Microsoft Visual Studio Solution File, Format Version 12.00
# Visual Studio Version 16
VisualStudioVersion = 16.0.31205.134
MinimumVisualStudioVersion = 10.0.40219.1
Project("{FAE04EC0-301F-11D3-BF4B-00C04F79EFBC}") = "laba2.9", "laba2.9\laba2.9.csproj", "{4A24A027-CEE3-47D2-B267-11C052297C3C}"
EndProject
Global
	GlobalSection(SolutionConfigurationPlatforms) = preSolution
		Debug|Any CPU = Debug|Any CPU
		Release|Any CPU = Release|Any CPU
	EndGlobalSection
	GlobalSection(ProjectConfigurationPlatforms) = postSolution
		{4A24A027-CEE3-47D2-B267-11C052297C3C}.Debug|Any CPU.ActiveCfg = Debug|Any CPU
		{4A24A027-CEE3-47D2-B267-11C052297C3C}.Debug|Any CPU.Build.0 = Debug|Any CPU
		{4A24A027-CEE3-47D2-B267-11C052297C3C}.Release|Any CPU.ActiveCfg = Release|Any CPU
		{4A24A027-CEE3-47D2-B267-11C052297C3C}.Release|Any CPU.Build.0 = Release|Any CPU
	EndGlobalSection
	GlobalSection(SolutionProperties) = preSolution
		HideSolutionNode = FALSE
	EndGlobalSection
	GlobalSection(ExtensibilityGlobals) = postSolution
		SolutionGuid = {E322A4D2-B159-458D-8C02-5C8071FCE1C1}
	EndGlobalSection
EndGlobal
